
Microsoft Visual Studio Solution File, Format Version 12.00
# Visual Studio Version 17
VisualStudioVersion = 17.1.32228.430
MinimumVisualStudioVersion = 10.0.40219.1
Project("{9A19103F-16F7-4668-BE54-9A1E7A4F7556}") = "Twooter", "Twooter\Twooter.csproj", "{835A294A-F42A-4CA4-A789-07A8C84F2C90}"
EndProject
Project("{9A19103F-16F7-4668-BE54-9A1E7A4F7556}") = "UnitTests", "UnitTests\UnitTests.csproj", "{875FA818-D420-4AD0-9F50-59B12CD0AEF2}"
EndProject
Project("{2150E333-8FDC-42A3-9474-1A3956D46DE8}") = "Microservices", "Microservices", "{29D99DF3-BC87-42EE-ABF7-88708D5B9609}"
EndProject
Project("{2150E333-8FDC-42A3-9474-1A3956D46DE8}") = "GatewayAPI", "GatewayAPI", "{3E2D97DD-3042-4BCC-A602-DF83AAA4401E}"
	ProjectSection(SolutionItems) = preProject
		UnitTests\UnitTest.cs = UnitTests\UnitTest.cs
	EndProjectSection
EndProject
Project("{2150E333-8FDC-42A3-9474-1A3956D46DE8}") = "UserService", "UserService", "{F381A7C5-B246-4E32-BCF8-4AE0387E4379}"
EndProject
Project("{2150E333-8FDC-42A3-9474-1A3956D46DE8}") = "PostService", "PostService", "{DC2A42DA-973A-410D-8063-5E77B305E2DA}"
EndProject
Project("{FAE04EC0-301F-11D3-BF4B-00C04F79EFBC}") = "UserService", "UserService\UserService.csproj", "{A2E8878F-8328-4E68-AAC1-42D2B84BA86F}"
EndProject
Project("{FAE04EC0-301F-11D3-BF4B-00C04F79EFBC}") = "PostService", "PostService\PostService.csproj", "{70E6CDF5-1EFD-491B-9C66-A22790414282}"
EndProject
Project("{FAE04EC0-301F-11D3-BF4B-00C04F79EFBC}") = "Gateway", "Gateway\Gateway.csproj", "{F1E4AD21-1055-44D9-909C-120A66653B68}"
EndProject
Global
	GlobalSection(SolutionConfigurationPlatforms) = preSolution
		Debug|Any CPU = Debug|Any CPU
		Release|Any CPU = Release|Any CPU
	EndGlobalSection
	GlobalSection(ProjectConfigurationPlatforms) = postSolution
		{835A294A-F42A-4CA4-A789-07A8C84F2C90}.Debug|Any CPU.ActiveCfg = Debug|Any CPU
		{835A294A-F42A-4CA4-A789-07A8C84F2C90}.Debug|Any CPU.Build.0 = Debug|Any CPU
		{835A294A-F42A-4CA4-A789-07A8C84F2C90}.Release|Any CPU.ActiveCfg = Release|Any CPU
		{835A294A-F42A-4CA4-A789-07A8C84F2C90}.Release|Any CPU.Build.0 = Release|Any CPU
		{875FA818-D420-4AD0-9F50-59B12CD0AEF2}.Debug|Any CPU.ActiveCfg = Debug|Any CPU
		{875FA818-D420-4AD0-9F50-59B12CD0AEF2}.Debug|Any CPU.Build.0 = Debug|Any CPU
		{875FA818-D420-4AD0-9F50-59B12CD0AEF2}.Release|Any CPU.ActiveCfg = Release|Any CPU
		{875FA818-D420-4AD0-9F50-59B12CD0AEF2}.Release|Any CPU.Build.0 = Release|Any CPU
		{A2E8878F-8328-4E68-AAC1-42D2B84BA86F}.Debug|Any CPU.ActiveCfg = Debug|Any CPU
		{A2E8878F-8328-4E68-AAC1-42D2B84BA86F}.Debug|Any CPU.Build.0 = Debug|Any CPU
		{A2E8878F-8328-4E68-AAC1-42D2B84BA86F}.Release|Any CPU.ActiveCfg = Release|Any CPU
		{A2E8878F-8328-4E68-AAC1-42D2B84BA86F}.Release|Any CPU.Build.0 = Release|Any CPU
		{70E6CDF5-1EFD-491B-9C66-A22790414282}.Debug|Any CPU.ActiveCfg = Debug|Any CPU
		{70E6CDF5-1EFD-491B-9C66-A22790414282}.Debug|Any CPU.Build.0 = Debug|Any CPU
		{70E6CDF5-1EFD-491B-9C66-A22790414282}.Release|Any CPU.ActiveCfg = Release|Any CPU
		{70E6CDF5-1EFD-491B-9C66-A22790414282}.Release|Any CPU.Build.0 = Release|Any CPU
		{F1E4AD21-1055-44D9-909C-120A66653B68}.Debug|Any CPU.ActiveCfg = Debug|Any CPU
		{F1E4AD21-1055-44D9-909C-120A66653B68}.Debug|Any CPU.Build.0 = Debug|Any CPU
		{F1E4AD21-1055-44D9-909C-120A66653B68}.Release|Any CPU.ActiveCfg = Release|Any CPU
		{F1E4AD21-1055-44D9-909C-120A66653B68}.Release|Any CPU.Build.0 = Release|Any CPU
	EndGlobalSection
	GlobalSection(SolutionProperties) = preSolution
		HideSolutionNode = FALSE
	EndGlobalSection
	GlobalSection(NestedProjects) = preSolution
		{835A294A-F42A-4CA4-A789-07A8C84F2C90} = {3E2D97DD-3042-4BCC-A602-DF83AAA4401E}
		{875FA818-D420-4AD0-9F50-59B12CD0AEF2} = {3E2D97DD-3042-4BCC-A602-DF83AAA4401E}
		{F381A7C5-B246-4E32-BCF8-4AE0387E4379} = {29D99DF3-BC87-42EE-ABF7-88708D5B9609}
		{DC2A42DA-973A-410D-8063-5E77B305E2DA} = {29D99DF3-BC87-42EE-ABF7-88708D5B9609}
		{A2E8878F-8328-4E68-AAC1-42D2B84BA86F} = {F381A7C5-B246-4E32-BCF8-4AE0387E4379}
		{70E6CDF5-1EFD-491B-9C66-A22790414282} = {DC2A42DA-973A-410D-8063-5E77B305E2DA}
		{F1E4AD21-1055-44D9-909C-120A66653B68} = {3E2D97DD-3042-4BCC-A602-DF83AAA4401E}
	EndGlobalSection
	GlobalSection(ExtensibilityGlobals) = postSolution
		SolutionGuid = {68333EF4-2E5B-4338-BEF2-1DCFBE266AE4}
	EndGlobalSection
EndGlobal
